
Microsoft Visual Studio Solution File, Format Version 12.00
# Visual Studio Version 16
VisualStudioVersion = 16.0.30413.136
MinimumVisualStudioVersion = 10.0.40219.1
Project("{FAE04EC0-301F-11D3-BF4B-00C04F79EFBC}") = "CyberDay", "CyberDay\CyberDay.csproj", "{08A04F50-BC9A-42CF-ADFC-D7F7DAC4C40E}"
EndProject
Project("{2150E333-8FDC-42A3-9474-1A3956D46DE8}") = "Images", "Images", "{37C236F7-0102-43EB-953F-DE0D86FA3DE6}"
	ProjectSection(SolutionItems) = preProject
		images\0.jpg = images\0.jpg
		images\astheticQuad.jpg = images\astheticQuad.jpg
		images\wilson.jpg = images\wilson.jpg
	EndProjectSection
EndProject
Global
	GlobalSection(SolutionConfigurationPlatforms) = preSolution
		Debug|Any CPU = Debug|Any CPU
		Release|Any CPU = Release|Any CPU
	EndGlobalSection
	GlobalSection(ProjectConfigurationPlatforms) = postSolution
		{08A04F50-BC9A-42CF-ADFC-D7F7DAC4C40E}.Debug|Any CPU.ActiveCfg = Debug|Any CPU
		{08A04F50-BC9A-42CF-ADFC-D7F7DAC4C40E}.Debug|Any CPU.Build.0 = Debug|Any CPU
		{08A04F50-BC9A-42CF-ADFC-D7F7DAC4C40E}.Release|Any CPU.ActiveCfg = Release|Any CPU
		{08A04F50-BC9A-42CF-ADFC-D7F7DAC4C40E}.Release|Any CPU.Build.0 = Release|Any CPU
	EndGlobalSection
	GlobalSection(SolutionProperties) = preSolution
		HideSolutionNode = FALSE
	EndGlobalSection
	GlobalSection(ExtensibilityGlobals) = postSolution
		SolutionGuid = {338862D1-8EE7-4A6C-8812-9E90F8ACA4DF}
	EndGlobalSection
EndGlobal
